// !$*UTF8*$!
{
	archiveVersion = 1;
	classes = {
	};
	objectVersion = 56;
	objects = {

/* Begin PBXBuildFile section */
		01626AB9D9E84FCDD65D39E9 /* Pods_RacooniTests.framework in Frameworks */ = {isa = PBXBuildFile; fileRef = 03ABE2515BDE5E8EEACBEBE1 /* Pods_RacooniTests.framework */; };
		43FBA2FD2A2D33A500B855DF /* RacooniApp.swift in Sources */ = {isa = PBXBuildFile; fileRef = 43FBA2FC2A2D33A500B855DF /* RacooniApp.swift */; };
		43FBA2FF2A2D33A500B855DF /* ContentView.swift in Sources */ = {isa = PBXBuildFile; fileRef = 43FBA2FE2A2D33A500B855DF /* ContentView.swift */; };
		43FBA3012A2D33A500B855DF /* Assets.xcassets in Resources */ = {isa = PBXBuildFile; fileRef = 43FBA3002A2D33A500B855DF /* Assets.xcassets */; };
		43FBA3042A2D33A500B855DF /* Preview Assets.xcassets in Resources */ = {isa = PBXBuildFile; fileRef = 43FBA3032A2D33A500B855DF /* Preview Assets.xcassets */; };
		43FBA30E2A2D33A500B855DF /* RacooniTests.swift in Sources */ = {isa = PBXBuildFile; fileRef = 43FBA30D2A2D33A500B855DF /* RacooniTests.swift */; };
		43FBA3182A2D33A600B855DF /* RacooniUITests.swift in Sources */ = {isa = PBXBuildFile; fileRef = 43FBA3172A2D33A600B855DF /* RacooniUITests.swift */; };
		43FBA31A2A2D33A600B855DF /* RacooniUITestsLaunchTests.swift in Sources */ = {isa = PBXBuildFile; fileRef = 43FBA3192A2D33A600B855DF /* RacooniUITestsLaunchTests.swift */; };
		43FBA32B2A2D3E7400B855DF /* ViewModel.swift in Sources */ = {isa = PBXBuildFile; fileRef = 43FBA32A2A2D3E7400B855DF /* ViewModel.swift */; };
		43FBA32D2A2D3E8F00B855DF /* Model.swift in Sources */ = {isa = PBXBuildFile; fileRef = 43FBA32C2A2D3E8F00B855DF /* Model.swift */; };
		43FBA32F2A2D43D500B855DF /* URLImage.swift in Sources */ = {isa = PBXBuildFile; fileRef = 43FBA32E2A2D43D500B855DF /* URLImage.swift */; };
		973EE50614DE8B788496F01E /* Pods_Racooni.framework in Frameworks */ = {isa = PBXBuildFile; fileRef = DB60AB49015046A0C7DF22DA /* Pods_Racooni.framework */; };
		A0C787D08ABB0875FD4B9534 /* Pods_Racooni_RacooniUITests.framework in Frameworks */ = {isa = PBXBuildFile; fileRef = AB4EDE56C8491A5AF54F3ACF /* Pods_Racooni_RacooniUITests.framework */; };
/* End PBXBuildFile section */

/* Begin PBXContainerItemProxy section */
		43FBA30A2A2D33A500B855DF /* PBXContainerItemProxy */ = {
			isa = PBXContainerItemProxy;
			containerPortal = 43FBA2F12A2D33A400B855DF /* Project object */;
			proxyType = 1;
			remoteGlobalIDString = 43FBA2F82A2D33A500B855DF;
			remoteInfo = Racooni;
		};
		43FBA3142A2D33A600B855DF /* PBXContainerItemProxy */ = {
			isa = PBXContainerItemProxy;
			containerPortal = 43FBA2F12A2D33A400B855DF /* Project object */;
			proxyType = 1;
			remoteGlobalIDString = 43FBA2F82A2D33A500B855DF;
			remoteInfo = Racooni;
		};
/* End PBXContainerItemProxy section */

/* Begin PBXFileReference section */
		03ABE2515BDE5E8EEACBEBE1 /* Pods_RacooniTests.framework */ = {isa = PBXFileReference; explicitFileType = wrapper.framework; includeInIndex = 0; path = Pods_RacooniTests.framework; sourceTree = BUILT_PRODUCTS_DIR; };
		0ED824F52501976C4A67AA5C /* Pods-Racooni-RacooniUITests.release.xcconfig */ = {isa = PBXFileReference; includeInIndex = 1; lastKnownFileType = text.xcconfig; name = "Pods-Racooni-RacooniUITests.release.xcconfig"; path = "Target Support Files/Pods-Racooni-RacooniUITests/Pods-Racooni-RacooniUITests.release.xcconfig"; sourceTree = "<group>"; };
		239805CC1CBAAA21AFE9278F /* Pods-Racooni.debug.xcconfig */ = {isa = PBXFileReference; includeInIndex = 1; lastKnownFileType = text.xcconfig; name = "Pods-Racooni.debug.xcconfig"; path = "Target Support Files/Pods-Racooni/Pods-Racooni.debug.xcconfig"; sourceTree = "<group>"; };
		26C7DF672A2D39FA006DC943 /* GoogleService-Info.plist */ = {isa = PBXFileReference; lastKnownFileType = text.plist.xml; path = "GoogleService-Info.plist"; sourceTree = "<group>"; };
		291853C40B29F52BE727E12F /* Pods-Racooni-RacooniUITests.debug.xcconfig */ = {isa = PBXFileReference; includeInIndex = 1; lastKnownFileType = text.xcconfig; name = "Pods-Racooni-RacooniUITests.debug.xcconfig"; path = "Target Support Files/Pods-Racooni-RacooniUITests/Pods-Racooni-RacooniUITests.debug.xcconfig"; sourceTree = "<group>"; };
		43FBA2F92A2D33A500B855DF /* Racooni.app */ = {isa = PBXFileReference; explicitFileType = wrapper.application; includeInIndex = 0; path = Racooni.app; sourceTree = BUILT_PRODUCTS_DIR; };
		43FBA2FC2A2D33A500B855DF /* RacooniApp.swift */ = {isa = PBXFileReference; lastKnownFileType = sourcecode.swift; path = RacooniApp.swift; sourceTree = "<group>"; };
		43FBA2FE2A2D33A500B855DF /* ContentView.swift */ = {isa = PBXFileReference; lastKnownFileType = sourcecode.swift; path = ContentView.swift; sourceTree = "<group>"; };
		43FBA3002A2D33A500B855DF /* Assets.xcassets */ = {isa = PBXFileReference; lastKnownFileType = folder.assetcatalog; path = Assets.xcassets; sourceTree = "<group>"; };
		43FBA3032A2D33A500B855DF /* Preview Assets.xcassets */ = {isa = PBXFileReference; lastKnownFileType = folder.assetcatalog; path = "Preview Assets.xcassets"; sourceTree = "<group>"; };
		43FBA3092A2D33A500B855DF /* RacooniTests.xctest */ = {isa = PBXFileReference; explicitFileType = wrapper.cfbundle; includeInIndex = 0; path = RacooniTests.xctest; sourceTree = BUILT_PRODUCTS_DIR; };
		43FBA30D2A2D33A500B855DF /* RacooniTests.swift */ = {isa = PBXFileReference; lastKnownFileType = sourcecode.swift; path = RacooniTests.swift; sourceTree = "<group>"; };
		43FBA3132A2D33A500B855DF /* RacooniUITests.xctest */ = {isa = PBXFileReference; explicitFileType = wrapper.cfbundle; includeInIndex = 0; path = RacooniUITests.xctest; sourceTree = BUILT_PRODUCTS_DIR; };
		43FBA3172A2D33A600B855DF /* RacooniUITests.swift */ = {isa = PBXFileReference; lastKnownFileType = sourcecode.swift; path = RacooniUITests.swift; sourceTree = "<group>"; };
		43FBA3192A2D33A600B855DF /* RacooniUITestsLaunchTests.swift */ = {isa = PBXFileReference; lastKnownFileType = sourcecode.swift; path = RacooniUITestsLaunchTests.swift; sourceTree = "<group>"; };
		43FBA32A2A2D3E7400B855DF /* ViewModel.swift */ = {isa = PBXFileReference; lastKnownFileType = sourcecode.swift; path = ViewModel.swift; sourceTree = "<group>"; };
		43FBA32C2A2D3E8F00B855DF /* Model.swift */ = {isa = PBXFileReference; lastKnownFileType = sourcecode.swift; path = Model.swift; sourceTree = "<group>"; };
		43FBA32E2A2D43D500B855DF /* URLImage.swift */ = {isa = PBXFileReference; lastKnownFileType = sourcecode.swift; path = URLImage.swift; sourceTree = "<group>"; };
		52076174901FF96065732FFE /* Pods-RacooniTests.release.xcconfig */ = {isa = PBXFileReference; includeInIndex = 1; lastKnownFileType = text.xcconfig; name = "Pods-RacooniTests.release.xcconfig"; path = "Target Support Files/Pods-RacooniTests/Pods-RacooniTests.release.xcconfig"; sourceTree = "<group>"; };
		906248D7F38284DDB4B44F49 /* Pods-Racooni.release.xcconfig */ = {isa = PBXFileReference; includeInIndex = 1; lastKnownFileType = text.xcconfig; name = "Pods-Racooni.release.xcconfig"; path = "Target Support Files/Pods-Racooni/Pods-Racooni.release.xcconfig"; sourceTree = "<group>"; };
		AB4EDE56C8491A5AF54F3ACF /* Pods_Racooni_RacooniUITests.framework */ = {isa = PBXFileReference; explicitFileType = wrapper.framework; includeInIndex = 0; path = Pods_Racooni_RacooniUITests.framework; sourceTree = BUILT_PRODUCTS_DIR; };
		DB60AB49015046A0C7DF22DA /* Pods_Racooni.framework */ = {isa = PBXFileReference; explicitFileType = wrapper.framework; includeInIndex = 0; path = Pods_Racooni.framework; sourceTree = BUILT_PRODUCTS_DIR; };
		DFE666C1A53376E1AFFD987C /* Pods-RacooniTests.debug.xcconfig */ = {isa = PBXFileReference; includeInIndex = 1; lastKnownFileType = text.xcconfig; name = "Pods-RacooniTests.debug.xcconfig"; path = "Target Support Files/Pods-RacooniTests/Pods-RacooniTests.debug.xcconfig"; sourceTree = "<group>"; };
/* End PBXFileReference section */

/* Begin PBXFrameworksBuildPhase section */
		43FBA2F62A2D33A500B855DF /* Frameworks */ = {
			isa = PBXFrameworksBuildPhase;
			buildActionMask = 2147483647;
			files = (
				973EE50614DE8B788496F01E /* Pods_Racooni.framework in Frameworks */,
			);
			runOnlyForDeploymentPostprocessing = 0;
		};
		43FBA3062A2D33A500B855DF /* Frameworks */ = {
			isa = PBXFrameworksBuildPhase;
			buildActionMask = 2147483647;
			files = (
				01626AB9D9E84FCDD65D39E9 /* Pods_RacooniTests.framework in Frameworks */,
			);
			runOnlyForDeploymentPostprocessing = 0;
		};
		43FBA3102A2D33A500B855DF /* Frameworks */ = {
			isa = PBXFrameworksBuildPhase;
			buildActionMask = 2147483647;
			files = (
				A0C787D08ABB0875FD4B9534 /* Pods_Racooni_RacooniUITests.framework in Frameworks */,
			);
			runOnlyForDeploymentPostprocessing = 0;
		};
/* End PBXFrameworksBuildPhase section */

/* Begin PBXGroup section */
		43FBA2F02A2D33A400B855DF = {
			isa = PBXGroup;
			children = (
				43FBA2FB2A2D33A500B855DF /* Racooni */,
				43FBA30C2A2D33A500B855DF /* RacooniTests */,
				43FBA3162A2D33A600B855DF /* RacooniUITests */,
				43FBA2FA2A2D33A500B855DF /* Products */,
				90E6FDE3A91F7CE7FFE49286 /* Pods */,
				F9D5D458CA6608AD81F84D55 /* Frameworks */,
			);
			sourceTree = "<group>";
		};
		43FBA2FA2A2D33A500B855DF /* Products */ = {
			isa = PBXGroup;
			children = (
				43FBA2F92A2D33A500B855DF /* Racooni.app */,
				43FBA3092A2D33A500B855DF /* RacooniTests.xctest */,
				43FBA3132A2D33A500B855DF /* RacooniUITests.xctest */,
			);
			name = Products;
			sourceTree = "<group>";
		};
		43FBA2FB2A2D33A500B855DF /* Racooni */ = {
			isa = PBXGroup;
			children = (
				43FBA32E2A2D43D500B855DF /* URLImage.swift */,
				43FBA32A2A2D3E7400B855DF /* ViewModel.swift */,
				43FBA32C2A2D3E8F00B855DF /* Model.swift */,
				43FBA2FC2A2D33A500B855DF /* RacooniApp.swift */,
				43FBA2FE2A2D33A500B855DF /* ContentView.swift */,
				26C7DF672A2D39FA006DC943 /* GoogleService-Info.plist */,
				43FBA3002A2D33A500B855DF /* Assets.xcassets */,
				43FBA3022A2D33A500B855DF /* Preview Content */,
			);
			path = Racooni;
			sourceTree = "<group>";
		};
		43FBA3022A2D33A500B855DF /* Preview Content */ = {
			isa = PBXGroup;
			children = (
				43FBA3032A2D33A500B855DF /* Preview Assets.xcassets */,
			);
			path = "Preview Content";
			sourceTree = "<group>";
		};
		43FBA30C2A2D33A500B855DF /* RacooniTests */ = {
			isa = PBXGroup;
			children = (
				43FBA30D2A2D33A500B855DF /* RacooniTests.swift */,
			);
			path = RacooniTests;
			sourceTree = "<group>";
		};
		43FBA3162A2D33A600B855DF /* RacooniUITests */ = {
			isa = PBXGroup;
			children = (
				43FBA3172A2D33A600B855DF /* RacooniUITests.swift */,
				43FBA3192A2D33A600B855DF /* RacooniUITestsLaunchTests.swift */,
			);
			path = RacooniUITests;
			sourceTree = "<group>";
		};
		90E6FDE3A91F7CE7FFE49286 /* Pods */ = {
			isa = PBXGroup;
			children = (
				239805CC1CBAAA21AFE9278F /* Pods-Racooni.debug.xcconfig */,
				906248D7F38284DDB4B44F49 /* Pods-Racooni.release.xcconfig */,
				291853C40B29F52BE727E12F /* Pods-Racooni-RacooniUITests.debug.xcconfig */,
				0ED824F52501976C4A67AA5C /* Pods-Racooni-RacooniUITests.release.xcconfig */,
				DFE666C1A53376E1AFFD987C /* Pods-RacooniTests.debug.xcconfig */,
				52076174901FF96065732FFE /* Pods-RacooniTests.release.xcconfig */,
			);
			path = Pods;
			sourceTree = "<group>";
		};
		F9D5D458CA6608AD81F84D55 /* Frameworks */ = {
			isa = PBXGroup;
			children = (
				DB60AB49015046A0C7DF22DA /* Pods_Racooni.framework */,
				AB4EDE56C8491A5AF54F3ACF /* Pods_Racooni_RacooniUITests.framework */,
				03ABE2515BDE5E8EEACBEBE1 /* Pods_RacooniTests.framework */,
			);
			name = Frameworks;
			sourceTree = "<group>";
		};
/* End PBXGroup section */

/* Begin PBXNativeTarget section */
		43FBA2F82A2D33A500B855DF /* Racooni */ = {
			isa = PBXNativeTarget;
			buildConfigurationList = 43FBA31D2A2D33A600B855DF /* Build configuration list for PBXNativeTarget "Racooni" */;
			buildPhases = (
				EFA54403CD9B01337C85DEA5 /* [CP] Check Pods Manifest.lock */,
				43FBA2F52A2D33A500B855DF /* Sources */,
				43FBA2F62A2D33A500B855DF /* Frameworks */,
				43FBA2F72A2D33A500B855DF /* Resources */,
				6F9D66E4CA054C3EB93B3336 /* [CP] Embed Pods Frameworks */,
			);
			buildRules = (
			);
			dependencies = (
			);
			name = Racooni;
			packageProductDependencies = (
			);
			productName = Racooni;
			productReference = 43FBA2F92A2D33A500B855DF /* Racooni.app */;
			productType = "com.apple.product-type.application";
		};
		43FBA3082A2D33A500B855DF /* RacooniTests */ = {
			isa = PBXNativeTarget;
			buildConfigurationList = 43FBA3202A2D33A600B855DF /* Build configuration list for PBXNativeTarget "RacooniTests" */;
			buildPhases = (
				D4BDD6F00EAA03E9CD148C1A /* [CP] Check Pods Manifest.lock */,
				43FBA3052A2D33A500B855DF /* Sources */,
				43FBA3062A2D33A500B855DF /* Frameworks */,
				43FBA3072A2D33A500B855DF /* Resources */,
			);
			buildRules = (
			);
			dependencies = (
				43FBA30B2A2D33A500B855DF /* PBXTargetDependency */,
			);
			name = RacooniTests;
			productName = RacooniTests;
			productReference = 43FBA3092A2D33A500B855DF /* RacooniTests.xctest */;
			productType = "com.apple.product-type.bundle.unit-test";
		};
		43FBA3122A2D33A500B855DF /* RacooniUITests */ = {
			isa = PBXNativeTarget;
			buildConfigurationList = 43FBA3232A2D33A600B855DF /* Build configuration list for PBXNativeTarget "RacooniUITests" */;
			buildPhases = (
				C81804630EE036EF232AA815 /* [CP] Check Pods Manifest.lock */,
				43FBA30F2A2D33A500B855DF /* Sources */,
				43FBA3102A2D33A500B855DF /* Frameworks */,
				43FBA3112A2D33A500B855DF /* Resources */,
				87747F766531F89A7AE76CC7 /* [CP] Embed Pods Frameworks */,
			);
			buildRules = (
			);
			dependencies = (
				43FBA3152A2D33A600B855DF /* PBXTargetDependency */,
			);
			name = RacooniUITests;
			productName = RacooniUITests;
			productReference = 43FBA3132A2D33A500B855DF /* RacooniUITests.xctest */;
			productType = "com.apple.product-type.bundle.ui-testing";
		};
/* End PBXNativeTarget section */

/* Begin PBXProject section */
		43FBA2F12A2D33A400B855DF /* Project object */ = {
			isa = PBXProject;
			attributes = {
				BuildIndependentTargetsInParallel = 1;
				LastSwiftUpdateCheck = 1420;
				LastUpgradeCheck = 1420;
				TargetAttributes = {
					43FBA2F82A2D33A500B855DF = {
						CreatedOnToolsVersion = 14.2;
					};
					43FBA3082A2D33A500B855DF = {
						CreatedOnToolsVersion = 14.2;
						TestTargetID = 43FBA2F82A2D33A500B855DF;
					};
					43FBA3122A2D33A500B855DF = {
						CreatedOnToolsVersion = 14.2;
						TestTargetID = 43FBA2F82A2D33A500B855DF;
					};
				};
			};
			buildConfigurationList = 43FBA2F42A2D33A400B855DF /* Build configuration list for PBXProject "Racooni" */;
			compatibilityVersion = "Xcode 14.0";
			developmentRegion = en;
			hasScannedForEncodings = 0;
			knownRegions = (
				en,
				Base,
			);
			mainGroup = 43FBA2F02A2D33A400B855DF;
			packageReferences = (
				26C7DF682A2D3C83006DC943 /* XCRemoteSwiftPackageReference "firebase-ios-sdk" */,
			);
			productRefGroup = 43FBA2FA2A2D33A500B855DF /* Products */;
			projectDirPath = "";
			projectRoot = "";
			targets = (
				43FBA2F82A2D33A500B855DF /* Racooni */,
				43FBA3082A2D33A500B855DF /* RacooniTests */,
				43FBA3122A2D33A500B855DF /* RacooniUITests */,
			);
		};
/* End PBXProject section */

/* Begin PBXResourcesBuildPhase section */
		43FBA2F72A2D33A500B855DF /* Resources */ = {
			isa = PBXResourcesBuildPhase;
			buildActionMask = 2147483647;
			files = (
				43FBA3042A2D33A500B855DF /* Preview Assets.xcassets in Resources */,
				43FBA3012A2D33A500B855DF /* Assets.xcassets in Resources */,
			);
			runOnlyForDeploymentPostprocessing = 0;
		};
		43FBA3072A2D33A500B855DF /* Resources */ = {
			isa = PBXResourcesBuildPhase;
			buildActionMask = 2147483647;
			files = (
			);
			runOnlyForDeploymentPostprocessing = 0;
		};
		43FBA3112A2D33A500B855DF /* Resources */ = {
			isa = PBXResourcesBuildPhase;
			buildActionMask = 2147483647;
			files = (
			);
			runOnlyForDeploymentPostprocessing = 0;
		};
/* End PBXResourcesBuildPhase section */

/* Begin PBXShellScriptBuildPhase section */
		6F9D66E4CA054C3EB93B3336 /* [CP] Embed Pods Frameworks */ = {
			isa = PBXShellScriptBuildPhase;
			buildActionMask = 2147483647;
			files = (
			);
			inputFileListPaths = (
				"${PODS_ROOT}/Target Support Files/Pods-Racooni/Pods-Racooni-frameworks-${CONFIGURATION}-input-files.xcfilelist",
			);
			name = "[CP] Embed Pods Frameworks";
			outputFileListPaths = (
				"${PODS_ROOT}/Target Support Files/Pods-Racooni/Pods-Racooni-frameworks-${CONFIGURATION}-output-files.xcfilelist",
			);
			runOnlyForDeploymentPostprocessing = 0;
			shellPath = /bin/sh;
			shellScript = "\"${PODS_ROOT}/Target Support Files/Pods-Racooni/Pods-Racooni-frameworks.sh\"\n";
			showEnvVarsInLog = 0;
		};
		87747F766531F89A7AE76CC7 /* [CP] Embed Pods Frameworks */ = {
			isa = PBXShellScriptBuildPhase;
			buildActionMask = 2147483647;
			files = (
			);
			inputFileListPaths = (
				"${PODS_ROOT}/Target Support Files/Pods-Racooni-RacooniUITests/Pods-Racooni-RacooniUITests-frameworks-${CONFIGURATION}-input-files.xcfilelist",
			);
			name = "[CP] Embed Pods Frameworks";
			outputFileListPaths = (
				"${PODS_ROOT}/Target Support Files/Pods-Racooni-RacooniUITests/Pods-Racooni-RacooniUITests-frameworks-${CONFIGURATION}-output-files.xcfilelist",
			);
			runOnlyForDeploymentPostprocessing = 0;
			shellPath = /bin/sh;
			shellScript = "\"${PODS_ROOT}/Target Support Files/Pods-Racooni-RacooniUITests/Pods-Racooni-RacooniUITests-frameworks.sh\"\n";
			showEnvVarsInLog = 0;
		};
		C81804630EE036EF232AA815 /* [CP] Check Pods Manifest.lock */ = {
			isa = PBXShellScriptBuildPhase;
			buildActionMask = 2147483647;
			files = (
			);
			inputFileListPaths = (
			);
			inputPaths = (
				"${PODS_PODFILE_DIR_PATH}/Podfile.lock",
				"${PODS_ROOT}/Manifest.lock",
			);
			name = "[CP] Check Pods Manifest.lock";
			outputFileListPaths = (
			);
			outputPaths = (
				"$(DERIVED_FILE_DIR)/Pods-Racooni-RacooniUITests-checkManifestLockResult.txt",
			);
			runOnlyForDeploymentPostprocessing = 0;
			shellPath = /bin/sh;
			shellScript = "diff \"${PODS_PODFILE_DIR_PATH}/Podfile.lock\" \"${PODS_ROOT}/Manifest.lock\" > /dev/null\nif [ $? != 0 ] ; then\n    # print error to STDERR\n    echo \"error: The sandbox is not in sync with the Podfile.lock. Run 'pod install' or update your CocoaPods installation.\" >&2\n    exit 1\nfi\n# This output is used by Xcode 'outputs' to avoid re-running this script phase.\necho \"SUCCESS\" > \"${SCRIPT_OUTPUT_FILE_0}\"\n";
			showEnvVarsInLog = 0;
		};
		D4BDD6F00EAA03E9CD148C1A /* [CP] Check Pods Manifest.lock */ = {
			isa = PBXShellScriptBuildPhase;
			buildActionMask = 2147483647;
			files = (
			);
			inputFileListPaths = (
			);
			inputPaths = (
				"${PODS_PODFILE_DIR_PATH}/Podfile.lock",
				"${PODS_ROOT}/Manifest.lock",
			);
			name = "[CP] Check Pods Manifest.lock";
			outputFileListPaths = (
			);
			outputPaths = (
				"$(DERIVED_FILE_DIR)/Pods-RacooniTests-checkManifestLockResult.txt",
			);
			runOnlyForDeploymentPostprocessing = 0;
			shellPath = /bin/sh;
			shellScript = "diff \"${PODS_PODFILE_DIR_PATH}/Podfile.lock\" \"${PODS_ROOT}/Manifest.lock\" > /dev/null\nif [ $? != 0 ] ; then\n    # print error to STDERR\n    echo \"error: The sandbox is not in sync with the Podfile.lock. Run 'pod install' or update your CocoaPods installation.\" >&2\n    exit 1\nfi\n# This output is used by Xcode 'outputs' to avoid re-running this script phase.\necho \"SUCCESS\" > \"${SCRIPT_OUTPUT_FILE_0}\"\n";
			showEnvVarsInLog = 0;
		};
		EFA54403CD9B01337C85DEA5 /* [CP] Check Pods Manifest.lock */ = {
			isa = PBXShellScriptBuildPhase;
			buildActionMask = 2147483647;
			files = (
			);
			inputFileListPaths = (
			);
			inputPaths = (
				"${PODS_PODFILE_DIR_PATH}/Podfile.lock",
				"${PODS_ROOT}/Manifest.lock",
			);
			name = "[CP] Check Pods Manifest.lock";
			outputFileListPaths = (
			);
			outputPaths = (
				"$(DERIVED_FILE_DIR)/Pods-Racooni-checkManifestLockResult.txt",
			);
			runOnlyForDeploymentPostprocessing = 0;
			shellPath = /bin/sh;
			shellScript = "diff \"${PODS_PODFILE_DIR_PATH}/Podfile.lock\" \"${PODS_ROOT}/Manifest.lock\" > /dev/null\nif [ $? != 0 ] ; then\n    # print error to STDERR\n    echo \"error: The sandbox is not in sync with the Podfile.lock. Run 'pod install' or update your CocoaPods installation.\" >&2\n    exit 1\nfi\n# This output is used by Xcode 'outputs' to avoid re-running this script phase.\necho \"SUCCESS\" > \"${SCRIPT_OUTPUT_FILE_0}\"\n";
			showEnvVarsInLog = 0;
		};
/* End PBXShellScriptBuildPhase section */

/* Begin PBXSourcesBuildPhase section */
		43FBA2F52A2D33A500B855DF /* Sources */ = {
			isa = PBXSourcesBuildPhase;
			buildActionMask = 2147483647;
			files = (
				43FBA2FF2A2D33A500B855DF /* ContentView.swift in Sources */,
				43FBA32B2A2D3E7400B855DF /* ViewModel.swift in Sources */,
				43FBA2FD2A2D33A500B855DF /* RacooniApp.swift in Sources */,
				43FBA32F2A2D43D500B855DF /* URLImage.swift in Sources */,
				43FBA32D2A2D3E8F00B855DF /* Model.swift in Sources */,
			);
			runOnlyForDeploymentPostprocessing = 0;
		};
		43FBA3052A2D33A500B855DF /* Sources */ = {
			isa = PBXSourcesBuildPhase;
			buildActionMask = 2147483647;
			files = (
				43FBA30E2A2D33A500B855DF /* RacooniTests.swift in Sources */,
			);
			runOnlyForDeploymentPostprocessing = 0;
		};
		43FBA30F2A2D33A500B855DF /* Sources */ = {
			isa = PBXSourcesBuildPhase;
			buildActionMask = 2147483647;
			files = (
				43FBA31A2A2D33A600B855DF /* RacooniUITestsLaunchTests.swift in Sources */,
				43FBA3182A2D33A600B855DF /* RacooniUITests.swift in Sources */,
			);
			runOnlyForDeploymentPostprocessing = 0;
		};
/* End PBXSourcesBuildPhase section */

/* Begin PBXTargetDependency section */
		43FBA30B2A2D33A500B855DF /* PBXTargetDependency */ = {
			isa = PBXTargetDependency;
			target = 43FBA2F82A2D33A500B855DF /* Racooni */;
			targetProxy = 43FBA30A2A2D33A500B855DF /* PBXContainerItemProxy */;
		};
		43FBA3152A2D33A600B855DF /* PBXTargetDependency */ = {
			isa = PBXTargetDependency;
			target = 43FBA2F82A2D33A500B855DF /* Racooni */;
			targetProxy = 43FBA3142A2D33A600B855DF /* PBXContainerItemProxy */;
		};
/* End PBXTargetDependency section */

/* Begin XCBuildConfiguration section */
		43FBA31B2A2D33A600B855DF /* Debug */ = {
			isa = XCBuildConfiguration;
			buildSettings = {
				ALWAYS_SEARCH_USER_PATHS = NO;
				CLANG_ANALYZER_NONNULL = YES;
				CLANG_ANALYZER_NUMBER_OBJECT_CONVERSION = YES_AGGRESSIVE;
				CLANG_CXX_LANGUAGE_STANDARD = "gnu++20";
				CLANG_ENABLE_MODULES = YES;
				CLANG_ENABLE_OBJC_ARC = YES;
				CLANG_ENABLE_OBJC_WEAK = YES;
				CLANG_WARN_BLOCK_CAPTURE_AUTORELEASING = YES;
				CLANG_WARN_BOOL_CONVERSION = YES;
				CLANG_WARN_COMMA = YES;
				CLANG_WARN_CONSTANT_CONVERSION = YES;
				CLANG_WARN_DEPRECATED_OBJC_IMPLEMENTATIONS = YES;
				CLANG_WARN_DIRECT_OBJC_ISA_USAGE = YES_ERROR;
				CLANG_WARN_DOCUMENTATION_COMMENTS = YES;
				CLANG_WARN_EMPTY_BODY = YES;
				CLANG_WARN_ENUM_CONVERSION = YES;
				CLANG_WARN_INFINITE_RECURSION = YES;
				CLANG_WARN_INT_CONVERSION = YES;
				CLANG_WARN_NON_LITERAL_NULL_CONVERSION = YES;
				CLANG_WARN_OBJC_IMPLICIT_RETAIN_SELF = YES;
				CLANG_WARN_OBJC_LITERAL_CONVERSION = YES;
				CLANG_WARN_OBJC_ROOT_CLASS = YES_ERROR;
				CLANG_WARN_QUOTED_INCLUDE_IN_FRAMEWORK_HEADER = YES;
				CLANG_WARN_RANGE_LOOP_ANALYSIS = YES;
				CLANG_WARN_STRICT_PROTOTYPES = YES;
				CLANG_WARN_SUSPICIOUS_MOVE = YES;
				CLANG_WARN_UNGUARDED_AVAILABILITY = YES_AGGRESSIVE;
				CLANG_WARN_UNREACHABLE_CODE = YES;
				CLANG_WARN__DUPLICATE_METHOD_MATCH = YES;
				COPY_PHASE_STRIP = NO;
				DEBUG_INFORMATION_FORMAT = dwarf;
				ENABLE_STRICT_OBJC_MSGSEND = YES;
				ENABLE_TESTABILITY = YES;
				GCC_C_LANGUAGE_STANDARD = gnu11;
				GCC_DYNAMIC_NO_PIC = NO;
				GCC_NO_COMMON_BLOCKS = YES;
				GCC_OPTIMIZATION_LEVEL = 0;
				GCC_PREPROCESSOR_DEFINITIONS = (
					"DEBUG=1",
					"$(inherited)",
				);
				GCC_WARN_64_TO_32_BIT_CONVERSION = YES;
				GCC_WARN_ABOUT_RETURN_TYPE = YES_ERROR;
				GCC_WARN_UNDECLARED_SELECTOR = YES;
				GCC_WARN_UNINITIALIZED_AUTOS = YES_AGGRESSIVE;
				GCC_WARN_UNUSED_FUNCTION = YES;
				GCC_WARN_UNUSED_VARIABLE = YES;
				IPHONEOS_DEPLOYMENT_TARGET = 15.0;
				MTL_ENABLE_DEBUG_INFO = INCLUDE_SOURCE;
				MTL_FAST_MATH = YES;
				ONLY_ACTIVE_ARCH = YES;
				SDKROOT = iphoneos;
				SWIFT_ACTIVE_COMPILATION_CONDITIONS = DEBUG;
				SWIFT_OPTIMIZATION_LEVEL = "-Onone";
			};
			name = Debug;
		};
		43FBA31C2A2D33A600B855DF /* Release */ = {
			isa = XCBuildConfiguration;
			buildSettings = {
				ALWAYS_SEARCH_USER_PATHS = NO;
				CLANG_ANALYZER_NONNULL = YES;
				CLANG_ANALYZER_NUMBER_OBJECT_CONVERSION = YES_AGGRESSIVE;
				CLANG_CXX_LANGUAGE_STANDARD = "gnu++20";
				CLANG_ENABLE_MODULES = YES;
				CLANG_ENABLE_OBJC_ARC = YES;
				CLANG_ENABLE_OBJC_WEAK = YES;
				CLANG_WARN_BLOCK_CAPTURE_AUTORELEASING = YES;
				CLANG_WARN_BOOL_CONVERSION = YES;
				CLANG_WARN_COMMA = YES;
				CLANG_WARN_CONSTANT_CONVERSION = YES;
				CLANG_WARN_DEPRECATED_OBJC_IMPLEMENTATIONS = YES;
				CLANG_WARN_DIRECT_OBJC_ISA_USAGE = YES_ERROR;
				CLANG_WARN_DOCUMENTATION_COMMENTS = YES;
				CLANG_WARN_EMPTY_BODY = YES;
				CLANG_WARN_ENUM_CONVERSION = YES;
				CLANG_WARN_INFINITE_RECURSION = YES;
				CLANG_WARN_INT_CONVERSION = YES;
				CLANG_WARN_NON_LITERAL_NULL_CONVERSION = YES;
				CLANG_WARN_OBJC_IMPLICIT_RETAIN_SELF = YES;
				CLANG_WARN_OBJC_LITERAL_CONVERSION = YES;
				CLANG_WARN_OBJC_ROOT_CLASS = YES_ERROR;
				CLANG_WARN_QUOTED_INCLUDE_IN_FRAMEWORK_HEADER = YES;
				CLANG_WARN_RANGE_LOOP_ANALYSIS = YES;
				CLANG_WARN_STRICT_PROTOTYPES = YES;
				CLANG_WARN_SUSPICIOUS_MOVE = YES;
				CLANG_WARN_UNGUARDED_AVAILABILITY = YES_AGGRESSIVE;
				CLANG_WARN_UNREACHABLE_CODE = YES;
				CLANG_WARN__DUPLICATE_METHOD_MATCH = YES;
				COPY_PHASE_STRIP = NO;
				DEBUG_INFORMATION_FORMAT = "dwarf-with-dsym";
				ENABLE_NS_ASSERTIONS = NO;
				ENABLE_STRICT_OBJC_MSGSEND = YES;
				GCC_C_LANGUAGE_STANDARD = gnu11;
				GCC_NO_COMMON_BLOCKS = YES;
				GCC_WARN_64_TO_32_BIT_CONVERSION = YES;
				GCC_WARN_ABOUT_RETURN_TYPE = YES_ERROR;
				GCC_WARN_UNDECLARED_SELECTOR = YES;
				GCC_WARN_UNINITIALIZED_AUTOS = YES_AGGRESSIVE;
				GCC_WARN_UNUSED_FUNCTION = YES;
				GCC_WARN_UNUSED_VARIABLE = YES;
				IPHONEOS_DEPLOYMENT_TARGET = 15.0;
				MTL_ENABLE_DEBUG_INFO = NO;
				MTL_FAST_MATH = YES;
				SDKROOT = iphoneos;
				SWIFT_COMPILATION_MODE = wholemodule;
				SWIFT_OPTIMIZATION_LEVEL = "-O";
				VALIDATE_PRODUCT = YES;
			};
			name = Release;
		};
		43FBA31E2A2D33A600B855DF /* Debug */ = {
			isa = XCBuildConfiguration;
			baseConfigurationReference = 239805CC1CBAAA21AFE9278F /* Pods-Racooni.debug.xcconfig */;
			buildSettings = {
				ASSETCATALOG_COMPILER_APPICON_NAME = AppIcon;
				ASSETCATALOG_COMPILER_GLOBAL_ACCENT_COLOR_NAME = AccentColor;
				CODE_SIGN_STYLE = Automatic;
				CURRENT_PROJECT_VERSION = 1;
				DEVELOPMENT_ASSET_PATHS = "\"Racooni/Preview Content\"";
				DEVELOPMENT_TEAM = 2H4LMN3ZLG;
				ENABLE_PREVIEWS = YES;
				GENERATE_INFOPLIST_FILE = YES;
				INFOPLIST_KEY_UIApplicationSceneManifest_Generation = YES;
				INFOPLIST_KEY_UIApplicationSupportsIndirectInputEvents = YES;
				INFOPLIST_KEY_UILaunchScreen_Generation = YES;
				INFOPLIST_KEY_UISupportedInterfaceOrientations_iPad = "UIInterfaceOrientationPortrait UIInterfaceOrientationPortraitUpsideDown UIInterfaceOrientationLandscapeLeft UIInterfaceOrientationLandscapeRight";
				INFOPLIST_KEY_UISupportedInterfaceOrientations_iPhone = "UIInterfaceOrientationPortrait UIInterfaceOrientationLandscapeLeft UIInterfaceOrientationLandscapeRight";
				LD_RUNPATH_SEARCH_PATHS = (
					"$(inherited)",
					"@executable_path/Frameworks",
				);
				MARKETING_VERSION = 1.0;
				PRODUCT_BUNDLE_IDENTIFIER = Serenidad.Racooni;
				PRODUCT_NAME = "$(TARGET_NAME)";
				SWIFT_EMIT_LOC_STRINGS = YES;
				SWIFT_VERSION = 5.0;
				TARGETED_DEVICE_FAMILY = "1,2";
			};
			name = Debug;
		};
		43FBA31F2A2D33A600B855DF /* Release */ = {
			isa = XCBuildConfiguration;
			baseConfigurationReference = 906248D7F38284DDB4B44F49 /* Pods-Racooni.release.xcconfig */;
			buildSettings = {
				ASSETCATALOG_COMPILER_APPICON_NAME = AppIcon;
				ASSETCATALOG_COMPILER_GLOBAL_ACCENT_COLOR_NAME = AccentColor;
				CODE_SIGN_STYLE = Automatic;
				CURRENT_PROJECT_VERSION = 1;
				DEVELOPMENT_ASSET_PATHS = "\"Racooni/Preview Content\"";
				DEVELOPMENT_TEAM = 2H4LMN3ZLG;
				ENABLE_PREVIEWS = YES;
				GENERATE_INFOPLIST_FILE = YES;
				INFOPLIST_KEY_UIApplicationSceneManifest_Generation = YES;
				INFOPLIST_KEY_UIApplicationSupportsIndirectInputEvents = YES;
				INFOPLIST_KEY_UILaunchScreen_Generation = YES;
				INFOPLIST_KEY_UISupportedInterfaceOrientations_iPad = "UIInterfaceOrientationPortrait UIInterfaceOrientationPortraitUpsideDown UIInterfaceOrientationLandscapeLeft UIInterfaceOrientationLandscapeRight";
				INFOPLIST_KEY_UISupportedInterfaceOrientations_iPhone = "UIInterfaceOrientationPortrait UIInterfaceOrientationLandscapeLeft UIInterfaceOrientationLandscapeRight";
				LD_RUNPATH_SEARCH_PATHS = (
					"$(inherited)",
					"@executable_path/Frameworks",
				);
				MARKETING_VERSION = 1.0;
				PRODUCT_BUNDLE_IDENTIFIER = Serenidad.Racooni;
				PRODUCT_NAME = "$(TARGET_NAME)";
				SWIFT_EMIT_LOC_STRINGS = YES;
				SWIFT_VERSION = 5.0;
				TARGETED_DEVICE_FAMILY = "1,2";
			};
			name = Release;
		};
		43FBA3212A2D33A600B855DF /* Debug */ = {
			isa = XCBuildConfiguration;
			baseConfigurationReference = DFE666C1A53376E1AFFD987C /* Pods-RacooniTests.debug.xcconfig */;
			buildSettings = {
				ALWAYS_EMBED_SWIFT_STANDARD_LIBRARIES = YES;
				BUNDLE_LOADER = "$(TEST_HOST)";
				CODE_SIGN_STYLE = Automatic;
				CURRENT_PROJECT_VERSION = 1;
				DEVELOPMENT_TEAM = 2H4LMN3ZLG;
				GENERATE_INFOPLIST_FILE = YES;
				IPHONEOS_DEPLOYMENT_TARGET = 16.2;
				MARKETING_VERSION = 1.0;
				PRODUCT_BUNDLE_IDENTIFIER = Serenidad.RacooniTests;
				PRODUCT_NAME = "$(TARGET_NAME)";
				SWIFT_EMIT_LOC_STRINGS = NO;
				SWIFT_VERSION = 5.0;
				TARGETED_DEVICE_FAMILY = "1,2";
				TEST_HOST = "$(BUILT_PRODUCTS_DIR)/Racooni.app/$(BUNDLE_EXECUTABLE_FOLDER_PATH)/Racooni";
			};
			name = Debug;
		};
		43FBA3222A2D33A600B855DF /* Release */ = {
			isa = XCBuildConfiguration;
			baseConfigurationReference = 52076174901FF96065732FFE /* Pods-RacooniTests.release.xcconfig */;
			buildSettings = {
				ALWAYS_EMBED_SWIFT_STANDARD_LIBRARIES = YES;
				BUNDLE_LOADER = "$(TEST_HOST)";
				CODE_SIGN_STYLE = Automatic;
				CURRENT_PROJECT_VERSION = 1;
				DEVELOPMENT_TEAM = 2H4LMN3ZLG;
				GENERATE_INFOPLIST_FILE = YES;
				IPHONEOS_DEPLOYMENT_TARGET = 16.2;
				MARKETING_VERSION = 1.0;
				PRODUCT_BUNDLE_IDENTIFIER = Serenidad.RacooniTests;
				PRODUCT_NAME = "$(TARGET_NAME)";
				SWIFT_EMIT_LOC_STRINGS = NO;
				SWIFT_VERSION = 5.0;
				TARGETED_DEVICE_FAMILY = "1,2";
				TEST_HOST = "$(BUILT_PRODUCTS_DIR)/Racooni.app/$(BUNDLE_EXECUTABLE_FOLDER_PATH)/Racooni";
			};
			name = Release;
		};
		43FBA3242A2D33A600B855DF /* Debug */ = {
			isa = XCBuildConfiguration;
			baseConfigurationReference = 291853C40B29F52BE727E12F /* Pods-Racooni-RacooniUITests.debug.xcconfig */;
			buildSettings = {
				ALWAYS_EMBED_SWIFT_STANDARD_LIBRARIES = YES;
				CODE_SIGN_STYLE = Automatic;
				CURRENT_PROJECT_VERSION = 1;
				DEVELOPMENT_TEAM = 2H4LMN3ZLG;
				GENERATE_INFOPLIST_FILE = YES;
				MARKETING_VERSION = 1.0;
				PRODUCT_BUNDLE_IDENTIFIER = Serenidad.RacooniUITests;
				PRODUCT_NAME = "$(TARGET_NAME)";
				SWIFT_EMIT_LOC_STRINGS = NO;
				SWIFT_VERSION = 5.0;
				TARGETED_DEVICE_FAMILY = "1,2";
				TEST_TARGET_NAME = Racooni;
			};
			name = Debug;
		};
		43FBA3252A2D33A600B855DF /* Release */ = {
			isa = XCBuildConfiguration;
			baseConfigurationReference = 0ED824F52501976C4A67AA5C /* Pods-Racooni-RacooniUITests.release.xcconfig */;
			buildSettings = {
				ALWAYS_EMBED_SWIFT_STANDARD_LIBRARIES = YES;
				CODE_SIGN_STYLE = Automatic;
				CURRENT_PROJECT_VERSION = 1;
				DEVELOPMENT_TEAM = 2H4LMN3ZLG;
				GENERATE_INFOPLIST_FILE = YES;
				MARKETING_VERSION = 1.0;
				PRODUCT_BUNDLE_IDENTIFIER = Serenidad.RacooniUITests;
				PRODUCT_NAME = "$(TARGET_NAME)";
				SWIFT_EMIT_LOC_STRINGS = NO;
				SWIFT_VERSION = 5.0;
				TARGETED_DEVICE_FAMILY = "1,2";
				TEST_TARGET_NAME = Racooni;
			};
			name = Release;
		};
/* End XCBuildConfiguration section */

/* Begin XCConfigurationList section */
		43FBA2F42A2D33A400B855DF /* Build configuration list for PBXProject "Racooni" */ = {
			isa = XCConfigurationList;
			buildConfigurations = (
				43FBA31B2A2D33A600B855DF /* Debug */,
				43FBA31C2A2D33A600B855DF /* Release */,
			);
			defaultConfigurationIsVisible = 0;
			defaultConfigurationName = Release;
		};
		43FBA31D2A2D33A600B855DF /* Build configuration list for PBXNativeTarget "Racooni" */ = {
			isa = XCConfigurationList;
			buildConfigurations = (
				43FBA31E2A2D33A600B855DF /* Debug */,
				43FBA31F2A2D33A600B855DF /* Release */,
			);
			defaultConfigurationIsVisible = 0;
			defaultConfigurationName = Release;
		};
		43FBA3202A2D33A600B855DF /* Build configuration list for PBXNativeTarget "RacooniTests" */ = {
			isa = XCConfigurationList;
			buildConfigurations = (
				43FBA3212A2D33A600B855DF /* Debug */,
				43FBA3222A2D33A600B855DF /* Release */,
			);
			defaultConfigurationIsVisible = 0;
			defaultConfigurationName = Release;
		};
		43FBA3232A2D33A600B855DF /* Build configuration list for PBXNativeTarget "RacooniUITests" */ = {
			isa = XCConfigurationList;
			buildConfigurations = (
				43FBA3242A2D33A600B855DF /* Debug */,
				43FBA3252A2D33A600B855DF /* Release */,
			);
			defaultConfigurationIsVisible = 0;
			defaultConfigurationName = Release;
		};
/* End XCConfigurationList section */

/* Begin XCRemoteSwiftPackageReference section */
		26C7DF682A2D3C83006DC943 /* XCRemoteSwiftPackageReference "firebase-ios-sdk" */ = {
			isa = XCRemoteSwiftPackageReference;
			repositoryURL = "https://github.com/firebase/firebase-ios-sdk";
			requirement = {
				kind = upToNextMajorVersion;
				minimumVersion = 10.0.0;
			};
		};
/* End XCRemoteSwiftPackageReference section */
	};
	rootObject = 43FBA2F12A2D33A400B855DF /* Project object */;
}
